
Microsoft Visual Studio Solution File, Format Version 12.00
# Visual Studio Version 16
VisualStudioVersion = 16.0.30907.101
MinimumVisualStudioVersion = 10.0.40219.1
Project("{9A19103F-16F7-4668-BE54-9A1E7A4F7556}") = "TeamZ", "TeamZealzamorpheoftheHoliestOrder-LordsoftheWesternTerritories\TeamZ.csproj", "{02999E10-6C78-4CD2-AE12-D07B2883442E}"
EndProject
Project("{9A19103F-16F7-4668-BE54-9A1E7A4F7556}") = "TeamZ.Shared", "TeamZ.Shared\TeamZ.Shared.csproj", "{FE1C5655-E1CE-43A7-B4F4-1365F53F8C93}"
EndProject
Project("{9A19103F-16F7-4668-BE54-9A1E7A4F7556}") = "TeamZ.Web", "TeamZ.Web\TeamZ.Web.csproj", "{03CCBA5A-9F38-4C63-8D5E-ED6DBCB7FCB2}"
EndProject
Project("{9A19103F-16F7-4668-BE54-9A1E7A4F7556}") = "TeamZ.Test", "TeamZ.Test\TeamZ.Test.csproj", "{0B1280CA-1B90-4D68-9F5C-D469336861BB}"
EndProject
Project("{E53339B2-1760-4266-BCC7-CA923CBCF16C}") = "docker-compose", "docker-compose.dcproj", "{2CB97CBE-5E79-4452-8A8A-D07BB1EFEDED}"
EndProject
Global
	GlobalSection(SolutionConfigurationPlatforms) = preSolution
		Debug|Any CPU = Debug|Any CPU
		Release|Any CPU = Release|Any CPU
	EndGlobalSection
	GlobalSection(ProjectConfigurationPlatforms) = postSolution
		{02999E10-6C78-4CD2-AE12-D07B2883442E}.Debug|Any CPU.ActiveCfg = Debug|Any CPU
		{02999E10-6C78-4CD2-AE12-D07B2883442E}.Debug|Any CPU.Build.0 = Debug|Any CPU
		{02999E10-6C78-4CD2-AE12-D07B2883442E}.Release|Any CPU.ActiveCfg = Release|Any CPU
		{02999E10-6C78-4CD2-AE12-D07B2883442E}.Release|Any CPU.Build.0 = Release|Any CPU
		{FE1C5655-E1CE-43A7-B4F4-1365F53F8C93}.Debug|Any CPU.ActiveCfg = Debug|Any CPU
		{FE1C5655-E1CE-43A7-B4F4-1365F53F8C93}.Debug|Any CPU.Build.0 = Debug|Any CPU
		{FE1C5655-E1CE-43A7-B4F4-1365F53F8C93}.Release|Any CPU.ActiveCfg = Release|Any CPU
		{FE1C5655-E1CE-43A7-B4F4-1365F53F8C93}.Release|Any CPU.Build.0 = Release|Any CPU
		{03CCBA5A-9F38-4C63-8D5E-ED6DBCB7FCB2}.Debug|Any CPU.ActiveCfg = Debug|Any CPU
		{03CCBA5A-9F38-4C63-8D5E-ED6DBCB7FCB2}.Debug|Any CPU.Build.0 = Debug|Any CPU
		{03CCBA5A-9F38-4C63-8D5E-ED6DBCB7FCB2}.Release|Any CPU.ActiveCfg = Release|Any CPU
		{03CCBA5A-9F38-4C63-8D5E-ED6DBCB7FCB2}.Release|Any CPU.Build.0 = Release|Any CPU
		{0B1280CA-1B90-4D68-9F5C-D469336861BB}.Debug|Any CPU.ActiveCfg = Debug|Any CPU
		{0B1280CA-1B90-4D68-9F5C-D469336861BB}.Debug|Any CPU.Build.0 = Debug|Any CPU
		{0B1280CA-1B90-4D68-9F5C-D469336861BB}.Release|Any CPU.ActiveCfg = Release|Any CPU
		{0B1280CA-1B90-4D68-9F5C-D469336861BB}.Release|Any CPU.Build.0 = Release|Any CPU
		{2CB97CBE-5E79-4452-8A8A-D07BB1EFEDED}.Debug|Any CPU.ActiveCfg = Debug|Any CPU
		{2CB97CBE-5E79-4452-8A8A-D07BB1EFEDED}.Debug|Any CPU.Build.0 = Debug|Any CPU
		{2CB97CBE-5E79-4452-8A8A-D07BB1EFEDED}.Release|Any CPU.ActiveCfg = Release|Any CPU
		{2CB97CBE-5E79-4452-8A8A-D07BB1EFEDED}.Release|Any CPU.Build.0 = Release|Any CPU
	EndGlobalSection
	GlobalSection(SolutionProperties) = preSolution
		HideSolutionNode = FALSE
	EndGlobalSection
	GlobalSection(ExtensibilityGlobals) = postSolution
		SolutionGuid = {C09D6DDF-8116-43E1-9F4B-E80B2D18E951}
	EndGlobalSection
EndGlobal
